
Microsoft Visual Studio Solution File, Format Version 12.00
# Visual Studio Version 17
VisualStudioVersion = 17.0.31903.59
MinimumVisualStudioVersion = 10.0.40219.1
Project("{2150E333-8FDC-42A3-9474-1A3956D46DE8}") = "src", "src", "{C84EB5A0-37AD-4B17-A51E-E36888C4441E}"
EndProject
Project("{2150E333-8FDC-42A3-9474-1A3956D46DE8}") = "backend", "backend", "{4DAF9366-855F-46BB-AE4C-660C92FA0697}"
EndProject
Project("{2150E333-8FDC-42A3-9474-1A3956D46DE8}") = "meta", "meta", "{5198A03D-0CAC-4828-A807-34A693F73859}"
	ProjectSection(SolutionItems) = preProject
		.editorconfig = .editorconfig
		.gitattributes = .gitattributes
		.gitignore = .gitignore
		.tgitconfig = .tgitconfig
		build.cake = build.cake
		code-format.cmd = code-format.cmd
		CodeCleanupOnSave.csx = CodeCleanupOnSave.csx
		CodeQuality.props = CodeQuality.props
		CopyPackageXmlCommentFiles.targets = CopyPackageXmlCommentFiles.targets
		Directory.Build.props = Directory.Build.props
		docker-compose-minio.yml = docker-compose-minio.yml
		dotnet-tools.json = dotnet-tools.json
		Experimental.linq = Experimental.linq
		GenerateResx.targets = GenerateResx.targets
		git-clean.cmd = git-clean.cmd
		global.json = global.json
		IdGenerator.linq = IdGenerator.linq
		ImageOptimize.csx = ImageOptimize.csx
		LICENSE = LICENSE
		NetAdmin.sln.DotSettings = NetAdmin.sln.DotSettings
		PasswordGenerator.linq = PasswordGenerator.linq
		README.md = README.md
		stylecop.json = stylecop.json
		StyleCopAnalyzers.ruleset = StyleCopAnalyzers.ruleset
		switch-nuget.cmd = switch-nuget.cmd
		switch-project.cmd = switch-project.cmd
		switcher.freesql.json = switcher.freesql.json
		switcher.furion.json = switcher.furion.json
		switcher.nsext.json = switcher.nsext.json
		SyncMetaFiles.csx = SyncMetaFiles.csx
	EndProjectSection
EndProject
Project("{FAE04EC0-301F-11D3-BF4B-00C04F79EFBC}") = "NetAdmin.Host", "src\backend\NetAdmin.Host\NetAdmin.Host.csproj", "{F672F054-A416-4FC2-957B-ADD73C0346CF}"
EndProject
Project("{FAE04EC0-301F-11D3-BF4B-00C04F79EFBC}") = "NetAdmin.Infrastructure", "src\backend\NetAdmin.Infrastructure\NetAdmin.Infrastructure.csproj", "{1E62C322-EE42-4699-A6F1-791C53EFA62D}"
EndProject
Project("{FAE04EC0-301F-11D3-BF4B-00C04F79EFBC}") = "NetAdmin.Domain", "src\backend\NetAdmin.Domain\NetAdmin.Domain.csproj", "{8BCAF882-BA21-4C46-9EBE-0BD5807551EB}"
EndProject
Project("{FAE04EC0-301F-11D3-BF4B-00C04F79EFBC}") = "NetAdmin.Application", "src\backend\NetAdmin.Application\NetAdmin.Application.csproj", "{7D1EF02D-EDC1-4EC3-A094-887359748D1C}"
EndProject
Project("{FAE04EC0-301F-11D3-BF4B-00C04F79EFBC}") = "NetAdmin.Tests", "src\backend\NetAdmin.Tests\NetAdmin.Tests.csproj", "{45F5B28F-F304-4369-9016-C27BC6DED297}"
EndProject
Global
	GlobalSection(SolutionConfigurationPlatforms) = preSolution
		Debug|Any CPU = Debug|Any CPU
		Release|Any CPU = Release|Any CPU
	EndGlobalSection
	GlobalSection(SolutionProperties) = preSolution
		HideSolutionNode = FALSE
	EndGlobalSection
	GlobalSection(ProjectConfigurationPlatforms) = postSolution
		{F672F054-A416-4FC2-957B-ADD73C0346CF}.Debug|Any CPU.ActiveCfg = Debug|Any CPU
		{F672F054-A416-4FC2-957B-ADD73C0346CF}.Debug|Any CPU.Build.0 = Debug|Any CPU
		{F672F054-A416-4FC2-957B-ADD73C0346CF}.Release|Any CPU.ActiveCfg = Release|Any CPU
		{F672F054-A416-4FC2-957B-ADD73C0346CF}.Release|Any CPU.Build.0 = Release|Any CPU
		{1E62C322-EE42-4699-A6F1-791C53EFA62D}.Debug|Any CPU.ActiveCfg = Debug|Any CPU
		{1E62C322-EE42-4699-A6F1-791C53EFA62D}.Debug|Any CPU.Build.0 = Debug|Any CPU
		{1E62C322-EE42-4699-A6F1-791C53EFA62D}.Release|Any CPU.ActiveCfg = Release|Any CPU
		{1E62C322-EE42-4699-A6F1-791C53EFA62D}.Release|Any CPU.Build.0 = Release|Any CPU
		{8BCAF882-BA21-4C46-9EBE-0BD5807551EB}.Debug|Any CPU.ActiveCfg = Debug|Any CPU
		{8BCAF882-BA21-4C46-9EBE-0BD5807551EB}.Debug|Any CPU.Build.0 = Debug|Any CPU
		{8BCAF882-BA21-4C46-9EBE-0BD5807551EB}.Release|Any CPU.ActiveCfg = Release|Any CPU
		{8BCAF882-BA21-4C46-9EBE-0BD5807551EB}.Release|Any CPU.Build.0 = Release|Any CPU
		{7D1EF02D-EDC1-4EC3-A094-887359748D1C}.Debug|Any CPU.ActiveCfg = Debug|Any CPU
		{7D1EF02D-EDC1-4EC3-A094-887359748D1C}.Debug|Any CPU.Build.0 = Debug|Any CPU
		{7D1EF02D-EDC1-4EC3-A094-887359748D1C}.Release|Any CPU.ActiveCfg = Release|Any CPU
		{7D1EF02D-EDC1-4EC3-A094-887359748D1C}.Release|Any CPU.Build.0 = Release|Any CPU
		{45F5B28F-F304-4369-9016-C27BC6DED297}.Debug|Any CPU.ActiveCfg = Debug|Any CPU
		{45F5B28F-F304-4369-9016-C27BC6DED297}.Debug|Any CPU.Build.0 = Debug|Any CPU
		{45F5B28F-F304-4369-9016-C27BC6DED297}.Release|Any CPU.ActiveCfg = Release|Any CPU
		{45F5B28F-F304-4369-9016-C27BC6DED297}.Release|Any CPU.Build.0 = Release|Any CPU
	EndGlobalSection
	GlobalSection(NestedProjects) = preSolution
		{4DAF9366-855F-46BB-AE4C-660C92FA0697} = {C84EB5A0-37AD-4B17-A51E-E36888C4441E}
		{F672F054-A416-4FC2-957B-ADD73C0346CF} = {4DAF9366-855F-46BB-AE4C-660C92FA0697}
		{1E62C322-EE42-4699-A6F1-791C53EFA62D} = {4DAF9366-855F-46BB-AE4C-660C92FA0697}
		{8BCAF882-BA21-4C46-9EBE-0BD5807551EB} = {4DAF9366-855F-46BB-AE4C-660C92FA0697}
		{7D1EF02D-EDC1-4EC3-A094-887359748D1C} = {4DAF9366-855F-46BB-AE4C-660C92FA0697}
		{45F5B28F-F304-4369-9016-C27BC6DED297} = {4DAF9366-855F-46BB-AE4C-660C92FA0697}
	EndGlobalSection
EndGlobal