Microsoft Visual Studio Solution File, Format Version 12.00
# Visual Studio Version 17
VisualStudioVersion = 17.0.31903.59
MinimumVisualStudioVersion = 10.0.40219.1

Project("{2150E333-8FDC-42A3-9474-1A3956D46DE8}") = ".drone", ".drone", "{3E408077-E73E-45CE-A53A-EF5F9DAE4B46}"
EndProject
Project("{2150E333-8FDC-42A3-9474-1A3956D46DE8}") = "workflows", "workflows", "{BB5BB244-E7D2-4368-8C18-C1C0ED1E12D1}"
    ProjectSection(SolutionItems) = preProject
        README.md = .drone/workflows/README.md
    EndProjectSection
EndProject

Project("{2150E333-8FDC-42A3-9474-1A3956D46DE8}") = ".github", ".github", "{1129FE25-466B-4F4F-85FC-3752664245E1}"
EndProject
Project("{2150E333-8FDC-42A3-9474-1A3956D46DE8}") = "workflows", "workflows", "{3C6F049E-3EE8-4D66-9AFF-E8A369032487}"
    ProjectSection(SolutionItems) = preProject
        nightly-build.yml = .github/workflows/nightly-build.yml
        README.md = .github/workflows/README.md
        release.yml = .github/workflows/release.yml
    EndProjectSection
EndProject

Project("{2150E333-8FDC-42A3-9474-1A3956D46DE8}") = "build", "build", "{8E4C93BA-9493-4892-80C4-5E174C504829}"
    ProjectSection(SolutionItems) = preProject
        code.quality.props = build/code.quality.props
        copy.pkg.xml.comment.files.targets = build/copy.pkg.xml.comment.files.targets
        minver.targets = build/minver.targets
        prebuild.targets = build/prebuild.targets
        stylecop.analyzers.ruleset = build/stylecop.analyzers.ruleset
    EndProjectSection
EndProject

Project("{2150E333-8FDC-42A3-9474-1A3956D46DE8}") = "docker", "docker", "{E80A1018-C354-4A26-9029-8847BB9DA864}"
    ProjectSection(SolutionItems) = preProject
        README.md = docker/README.md
    EndProjectSection
EndProject

Project("{2150E333-8FDC-42A3-9474-1A3956D46DE8}") = "meta", "meta", "{5198A03D-0CAC-4828-A807-34A693F73859}"
    ProjectSection(SolutionItems) = preProject
        .commitlintrc.js = .commitlintrc.js
        .editorconfig = .editorconfig
        .gitattributes = .gitattributes
        .gitignore = .gitignore
        .gitmodules = .gitmodules
        CHANGELOG.md = CHANGELOG.md
        Directory.Build.props = Directory.Build.props
        Dockerfile = Dockerfile
        dotnet-tools.json = dotnet-tools.json
        global.json = global.json
        LICENSE = LICENSE
        NetAdmin.sln.DotSettings = NetAdmin.sln.DotSettings
        nuget.config = nuget.config
        package.json = package.json
        README.md = README.md
    EndProjectSection
EndProject

Project("{2150E333-8FDC-42A3-9474-1A3956D46DE8}") = "scripts", "scripts", "{BB0B25C9-0901-4923-913F-00F9A6B352A5}"
    ProjectSection(SolutionItems) = preProject
        1.git.pull.request.ps1 = scripts/1.git.pull.request.ps1
        2.git.release.ps1 = scripts/2.git.release.ps1
        3.git.recreate.branch.ps1 = scripts/3.git.recreate.branch.ps1
        4.git.del.obsolete.tags.ps1 = scripts/4.git.del.obsolete.tags.ps1
        5.git.update.submodule.ps1 = scripts/5.git.update.submodule.ps1
        clean.ln.csx = scripts/clean.ln.csx
        code.clean.csx = scripts/code.clean.csx
        code.clean.ps1 = scripts/code.clean.ps1
        find.unused.ln.csx = scripts/find.unused.ln.csx
        gen.cs.tt = scripts/gen.cs.tt
        gen.id.linq = scripts/gen.id.linq
        gen.ln.cmd = scripts/gen.ln.cmd
        gen.resx.tt = scripts/gen.resx.tt
        image.optimize.csx = scripts/image.optimize.csx
        install.as.tpl.ps1 = scripts/install.as.tpl.ps1
        rename.csx = scripts/rename.csx
        resharper.full.ps1 = scripts/resharper.full.ps1
        switch.nuget.or.project.csx = scripts/switch.nuget.or.project.csx
        sync.sln.files.csx = scripts/sync.sln.files.csx
        wait.server.stop.sh = scripts/wait.server.stop.sh
    EndProjectSection
EndProject

Project("{2150E333-8FDC-42A3-9474-1A3956D46DE8}") = "src", "src", "{C84EB5A0-37AD-4B17-A51E-E36888C4441E}"
EndProject
Project("{2150E333-8FDC-42A3-9474-1A3956D46DE8}") = "backend", "backend", "{4DAF9366-855F-46BB-AE4C-660C92FA0697}"
EndProject
Project("{FAE04EC0-301F-11D3-BF4B-00C04F79EFBC}") = "NetAdmin.Infrastructure", "src\backend\NetAdmin\NetAdmin.Infrastructure\NetAdmin.Infrastructure.csproj", "{1E62C322-EE42-4699-A6F1-791C53EFA62D}"
EndProject
Project("{FAE04EC0-301F-11D3-BF4B-00C04F79EFBC}") = "YourSolution.AdmServer.Application", "src\backend\YourSolution.AdmServer.Application\YourSolution.AdmServer.Application.csproj", "{E38B2EB4-D7A5-4777-9236-3B348919DF23}"
EndProject
Project("{FAE04EC0-301F-11D3-BF4B-00C04F79EFBC}") = "YourSolution.AdmServer.Host", "src\backend\YourSolution.AdmServer.Host\YourSolution.AdmServer.Host.csproj", "{CE895E44-EEC3-4ECE-A56A-8A82E7D863E3}"
EndProject
Project("{2150E333-8FDC-42A3-9474-1A3956D46DE8}") = "03.hosted-servers", "03.hosted-servers", "{12AE5B4B-CB1A-498E-83B8-04E201E31D86}"
EndProject
Project("{FAE04EC0-301F-11D3-BF4B-00C04F79EFBC}") = "NetAdmin.Domain", "src\backend\NetAdmin\NetAdmin.Domain\NetAdmin.Domain.csproj", "{58509C57-09FA-4E3C-BC07-78E786A2A326}"
EndProject
Project("{FAE04EC0-301F-11D3-BF4B-00C04F79EFBC}") = "NetAdmin.Application", "src\backend\NetAdmin\NetAdmin.Application\NetAdmin.Application.csproj", "{70C54E1B-2083-4196-AB68-34CAF0075D82}"
EndProject
Project("{FAE04EC0-301F-11D3-BF4B-00C04F79EFBC}") = "NetAdmin.Host", "src\backend\NetAdmin\NetAdmin.Host\NetAdmin.Host.csproj", "{91839A15-D08F-4848-A301-F793412BC688}"
EndProject
Project("{FAE04EC0-301F-11D3-BF4B-00C04F79EFBC}") = "NetAdmin.Cache", "src\backend\NetAdmin\NetAdmin.Cache\NetAdmin.Cache.csproj", "{91452C22-4B57-4F16-9AF6-42C7BF830504}"
EndProject
Project("{FAE04EC0-301F-11D3-BF4B-00C04F79EFBC}") = "YourSolution.AdmServer.Cache", "src\backend\YourSolution.AdmServer.Cache\YourSolution.AdmServer.Cache.csproj", "{7CB632D3-3635-4F8D-AFE7-F496D37D422B}"
EndProject
Project("{FAE04EC0-301F-11D3-BF4B-00C04F79EFBC}") = "NetAdmin.SysComponent.Host", "src\backend\NetAdmin\NetAdmin.SysComponent.Host\NetAdmin.SysComponent.Host.csproj", "{C2CC1596-3BEE-43EA-A9BE-4EDE5716296C}"
EndProject
Project("{FAE04EC0-301F-11D3-BF4B-00C04F79EFBC}") = "NetAdmin.SysComponent.Cache", "src\backend\NetAdmin\NetAdmin.SysComponent.Cache\NetAdmin.SysComponent.Cache.csproj", "{19872A4C-3C9A-4C62-A33B-74F5B8D6F77C}"
EndProject
Project("{FAE04EC0-301F-11D3-BF4B-00C04F79EFBC}") = "NetAdmin.SysComponent.Application", "src\backend\NetAdmin\NetAdmin.SysComponent.Application\NetAdmin.SysComponent.Application.csproj", "{34650E82-D257-46DA-BD6B-DE307113347B}"
EndProject
Project("{2150E333-8FDC-42A3-9474-1A3956D46DE8}") = "02.components", "02.components", "{3F23258D-8299-4992-9F51-2EE9B52CF9D2}"
EndProject
Project("{2150E333-8FDC-42A3-9474-1A3956D46DE8}") = "01.frameworks", "01.frameworks", "{D9C3EF66-2757-473D-A26B-54FD08DA203F}"
EndProject
Project("{2150E333-8FDC-42A3-9474-1A3956D46DE8}") = "04.tests", "04.tests", "{89260294-80FC-49F1-8D73-AECD39AFF2B7}"
EndProject
Project("{2150E333-8FDC-42A3-9474-1A3956D46DE8}") = "05.tools", "05.tools", "{79409163-5006-405D-AC96-406FA0AD77B7}"
EndProject
Project("{FAE04EC0-301F-11D3-BF4B-00C04F79EFBC}") = "UnitTests", "src\backend\UnitTests\UnitTests.csproj", "{C7F27698-DA05-4ACD-B0D7-4791B3972002}"
EndProject
Project("{FAE04EC0-301F-11D3-BF4B-00C04F79EFBC}") = "NetAdmin.Tests", "src\backend\NetAdmin\NetAdmin.Tests\NetAdmin.Tests.csproj", "{00604162-C444-478B-B773-3AB23C856CA7}"
EndProject
Project("{FAE04EC0-301F-11D3-BF4B-00C04F79EFBC}") = "YourSolution.AdmServer.Domain", "src\backend\YourSolution.AdmServer.Domain\YourSolution.AdmServer.Domain.csproj", "{932520DF-D312-415A-A128-1117F8221D68}"
EndProject
Project("{FAE04EC0-301F-11D3-BF4B-00C04F79EFBC}") = "YourSolution.AdmServer.Infrastructure", "src\backend\YourSolution.AdmServer.Infrastructure\YourSolution.AdmServer.Infrastructure.csproj", "{C3DE6F6A-D1FC-4B8E-9033-980FBEBBD2BA}"
EndProject
##Project("{FAE04EC0-301F-11D3-BF4B-00C04F79EFBC}") = "Gurion", "refs\Gurion\src\Gurion\Gurion.csproj", "{CCD098FE-4F95-4FA4-8CC0-9A6DE921FBAE}"#refs
##EndProject#refs
##Project("{FAE04EC0-301F-11D3-BF4B-00C04F79EFBC}") = "FreeSql", "refs\NetAdmin.FreeSql\src\FreeSql\FreeSql.csproj", "{3C65DA42-877D-46FF-B754-C12214302A29}"#refs
##EndProject#refs
##Project("{FAE04EC0-301F-11D3-BF4B-00C04F79EFBC}") = "FreeSql.Provider.Sqlite", "refs\NetAdmin.FreeSql\src\FreeSql.Provider.Sqlite\FreeSql.Provider.Sqlite.csproj", "{CF5EFA63-4631-4A64-B4F3-98A7DD532F68}"#refs
##EndProject#refs
##Project("{FAE04EC0-301F-11D3-BF4B-00C04F79EFBC}") = "FreeSql.DbContext", "refs\NetAdmin.FreeSql\src\FreeSql.DbContext\FreeSql.DbContext.csproj", "{FE03DF27-EC56-48DB-81B0-F99947259A7C}"#refs
##EndProject#refs

Global
    GlobalSection(SolutionConfigurationPlatforms) = preSolution
        Debug|Any CPU = Debug|Any CPU
        Release|Any CPU = Release|Any CPU
    EndGlobalSection
    GlobalSection(SolutionProperties) = preSolution
        HideSolutionNode = FALSE
    EndGlobalSection
    GlobalSection(ProjectConfigurationPlatforms) = postSolution
        {1E62C322-EE42-4699-A6F1-791C53EFA62D}.Debug|Any CPU.ActiveCfg = Debug|Any CPU
        {1E62C322-EE42-4699-A6F1-791C53EFA62D}.Debug|Any CPU.Build.0 = Debug|Any CPU
        {1E62C322-EE42-4699-A6F1-791C53EFA62D}.Release|Any CPU.ActiveCfg = Release|Any CPU
        {1E62C322-EE42-4699-A6F1-791C53EFA62D}.Release|Any CPU.Build.0 = Release|Any CPU
        {E38B2EB4-D7A5-4777-9236-3B348919DF23}.Debug|Any CPU.ActiveCfg = Debug|Any CPU
        {E38B2EB4-D7A5-4777-9236-3B348919DF23}.Debug|Any CPU.Build.0 = Debug|Any CPU
        {E38B2EB4-D7A5-4777-9236-3B348919DF23}.Release|Any CPU.ActiveCfg = Release|Any CPU
        {E38B2EB4-D7A5-4777-9236-3B348919DF23}.Release|Any CPU.Build.0 = Release|Any CPU
        {CE895E44-EEC3-4ECE-A56A-8A82E7D863E3}.Debug|Any CPU.ActiveCfg = Debug|Any CPU
        {CE895E44-EEC3-4ECE-A56A-8A82E7D863E3}.Debug|Any CPU.Build.0 = Debug|Any CPU
        {CE895E44-EEC3-4ECE-A56A-8A82E7D863E3}.Release|Any CPU.ActiveCfg = Release|Any CPU
        {CE895E44-EEC3-4ECE-A56A-8A82E7D863E3}.Release|Any CPU.Build.0 = Release|Any CPU
        {58509C57-09FA-4E3C-BC07-78E786A2A326}.Debug|Any CPU.ActiveCfg = Debug|Any CPU
        {58509C57-09FA-4E3C-BC07-78E786A2A326}.Debug|Any CPU.Build.0 = Debug|Any CPU
        {58509C57-09FA-4E3C-BC07-78E786A2A326}.Release|Any CPU.ActiveCfg = Release|Any CPU
        {58509C57-09FA-4E3C-BC07-78E786A2A326}.Release|Any CPU.Build.0 = Release|Any CPU
        {70C54E1B-2083-4196-AB68-34CAF0075D82}.Debug|Any CPU.ActiveCfg = Debug|Any CPU
        {70C54E1B-2083-4196-AB68-34CAF0075D82}.Debug|Any CPU.Build.0 = Debug|Any CPU
        {70C54E1B-2083-4196-AB68-34CAF0075D82}.Release|Any CPU.ActiveCfg = Release|Any CPU
        {70C54E1B-2083-4196-AB68-34CAF0075D82}.Release|Any CPU.Build.0 = Release|Any CPU
        {91839A15-D08F-4848-A301-F793412BC688}.Debug|Any CPU.ActiveCfg = Debug|Any CPU
        {91839A15-D08F-4848-A301-F793412BC688}.Debug|Any CPU.Build.0 = Debug|Any CPU
        {91839A15-D08F-4848-A301-F793412BC688}.Release|Any CPU.ActiveCfg = Release|Any CPU
        {91839A15-D08F-4848-A301-F793412BC688}.Release|Any CPU.Build.0 = Release|Any CPU
        {91452C22-4B57-4F16-9AF6-42C7BF830504}.Debug|Any CPU.ActiveCfg = Debug|Any CPU
        {91452C22-4B57-4F16-9AF6-42C7BF830504}.Debug|Any CPU.Build.0 = Debug|Any CPU
        {91452C22-4B57-4F16-9AF6-42C7BF830504}.Release|Any CPU.ActiveCfg = Release|Any CPU
        {91452C22-4B57-4F16-9AF6-42C7BF830504}.Release|Any CPU.Build.0 = Release|Any CPU
        {7CB632D3-3635-4F8D-AFE7-F496D37D422B}.Debug|Any CPU.ActiveCfg = Debug|Any CPU
        {7CB632D3-3635-4F8D-AFE7-F496D37D422B}.Debug|Any CPU.Build.0 = Debug|Any CPU
        {7CB632D3-3635-4F8D-AFE7-F496D37D422B}.Release|Any CPU.ActiveCfg = Release|Any CPU
        {7CB632D3-3635-4F8D-AFE7-F496D37D422B}.Release|Any CPU.Build.0 = Release|Any CPU
        {C2CC1596-3BEE-43EA-A9BE-4EDE5716296C}.Debug|Any CPU.ActiveCfg = Debug|Any CPU
        {C2CC1596-3BEE-43EA-A9BE-4EDE5716296C}.Debug|Any CPU.Build.0 = Debug|Any CPU
        {C2CC1596-3BEE-43EA-A9BE-4EDE5716296C}.Release|Any CPU.ActiveCfg = Release|Any CPU
        {C2CC1596-3BEE-43EA-A9BE-4EDE5716296C}.Release|Any CPU.Build.0 = Release|Any CPU
        {19872A4C-3C9A-4C62-A33B-74F5B8D6F77C}.Debug|Any CPU.ActiveCfg = Debug|Any CPU
        {19872A4C-3C9A-4C62-A33B-74F5B8D6F77C}.Debug|Any CPU.Build.0 = Debug|Any CPU
        {19872A4C-3C9A-4C62-A33B-74F5B8D6F77C}.Release|Any CPU.ActiveCfg = Release|Any CPU
        {19872A4C-3C9A-4C62-A33B-74F5B8D6F77C}.Release|Any CPU.Build.0 = Release|Any CPU
        {34650E82-D257-46DA-BD6B-DE307113347B}.Debug|Any CPU.ActiveCfg = Debug|Any CPU
        {34650E82-D257-46DA-BD6B-DE307113347B}.Debug|Any CPU.Build.0 = Debug|Any CPU
        {34650E82-D257-46DA-BD6B-DE307113347B}.Release|Any CPU.ActiveCfg = Release|Any CPU
        {34650E82-D257-46DA-BD6B-DE307113347B}.Release|Any CPU.Build.0 = Release|Any CPU
        {C7F27698-DA05-4ACD-B0D7-4791B3972002}.Debug|Any CPU.ActiveCfg = Debug|Any CPU
        {C7F27698-DA05-4ACD-B0D7-4791B3972002}.Debug|Any CPU.Build.0 = Debug|Any CPU
        {C7F27698-DA05-4ACD-B0D7-4791B3972002}.Release|Any CPU.ActiveCfg = Release|Any CPU
        {C7F27698-DA05-4ACD-B0D7-4791B3972002}.Release|Any CPU.Build.0 = Release|Any CPU
        {00604162-C444-478B-B773-3AB23C856CA7}.Debug|Any CPU.ActiveCfg = Debug|Any CPU
        {00604162-C444-478B-B773-3AB23C856CA7}.Debug|Any CPU.Build.0 = Debug|Any CPU
        {00604162-C444-478B-B773-3AB23C856CA7}.Release|Any CPU.ActiveCfg = Release|Any CPU
        {00604162-C444-478B-B773-3AB23C856CA7}.Release|Any CPU.Build.0 = Release|Any CPU
        {932520DF-D312-415A-A128-1117F8221D68}.Debug|Any CPU.ActiveCfg = Debug|Any CPU
        {932520DF-D312-415A-A128-1117F8221D68}.Debug|Any CPU.Build.0 = Debug|Any CPU
        {932520DF-D312-415A-A128-1117F8221D68}.Release|Any CPU.ActiveCfg = Release|Any CPU
        {932520DF-D312-415A-A128-1117F8221D68}.Release|Any CPU.Build.0 = Release|Any CPU
        {C3DE6F6A-D1FC-4B8E-9033-980FBEBBD2BA}.Debug|Any CPU.ActiveCfg = Debug|Any CPU
        {C3DE6F6A-D1FC-4B8E-9033-980FBEBBD2BA}.Debug|Any CPU.Build.0 = Debug|Any CPU
        {C3DE6F6A-D1FC-4B8E-9033-980FBEBBD2BA}.Release|Any CPU.ActiveCfg = Release|Any CPU
        {C3DE6F6A-D1FC-4B8E-9033-980FBEBBD2BA}.Release|Any CPU.Build.0 = Release|Any CPU
        ##{CCD098FE-4F95-4FA4-8CC0-9A6DE921FBAE}.Debug|Any CPU.ActiveCfg = Debug|Any CPU
        ##{CCD098FE-4F95-4FA4-8CC0-9A6DE921FBAE}.Debug|Any CPU.Build.0 = Debug|Any CPU
        ##{CCD098FE-4F95-4FA4-8CC0-9A6DE921FBAE}.Release|Any CPU.ActiveCfg = Release|Any CPU
        ##{CCD098FE-4F95-4FA4-8CC0-9A6DE921FBAE}.Release|Any CPU.Build.0 = Release|Any CPU
        ##{3C65DA42-877D-46FF-B754-C12214302A29}.Debug|Any CPU.ActiveCfg = Debug|Any CPU
        ##{3C65DA42-877D-46FF-B754-C12214302A29}.Debug|Any CPU.Build.0 = Debug|Any CPU
        ##{3C65DA42-877D-46FF-B754-C12214302A29}.Release|Any CPU.ActiveCfg = Release|Any CPU
        ##{3C65DA42-877D-46FF-B754-C12214302A29}.Release|Any CPU.Build.0 = Release|Any CPU
        ##{CF5EFA63-4631-4A64-B4F3-98A7DD532F68}.Debug|Any CPU.ActiveCfg = Debug|Any CPU
        ##{CF5EFA63-4631-4A64-B4F3-98A7DD532F68}.Debug|Any CPU.Build.0 = Debug|Any CPU
        ##{CF5EFA63-4631-4A64-B4F3-98A7DD532F68}.Release|Any CPU.ActiveCfg = Release|Any CPU
        ##{CF5EFA63-4631-4A64-B4F3-98A7DD532F68}.Release|Any CPU.Build.0 = Release|Any CPU
        ##{FE03DF27-EC56-48DB-81B0-F99947259A7C}.Debug|Any CPU.ActiveCfg = Debug|Any CPU
        ##{FE03DF27-EC56-48DB-81B0-F99947259A7C}.Debug|Any CPU.Build.0 = Debug|Any CPU
        ##{FE03DF27-EC56-48DB-81B0-F99947259A7C}.Release|Any CPU.ActiveCfg = Release|Any CPU
        ##{FE03DF27-EC56-48DB-81B0-F99947259A7C}.Release|Any CPU.Build.0 = Release|Any CPU
    EndGlobalSection
    GlobalSection(NestedProjects) = preSolution
        {4DAF9366-855F-46BB-AE4C-660C92FA0697} = {C84EB5A0-37AD-4B17-A51E-E36888C4441E}
        {12AE5B4B-CB1A-498E-83B8-04E201E31D86} = {4DAF9366-855F-46BB-AE4C-660C92FA0697}
        {3F23258D-8299-4992-9F51-2EE9B52CF9D2} = {4DAF9366-855F-46BB-AE4C-660C92FA0697}
        {D9C3EF66-2757-473D-A26B-54FD08DA203F} = {4DAF9366-855F-46BB-AE4C-660C92FA0697}
        {70C54E1B-2083-4196-AB68-34CAF0075D82} = {D9C3EF66-2757-473D-A26B-54FD08DA203F}
        {91452C22-4B57-4F16-9AF6-42C7BF830504} = {D9C3EF66-2757-473D-A26B-54FD08DA203F}
        {58509C57-09FA-4E3C-BC07-78E786A2A326} = {D9C3EF66-2757-473D-A26B-54FD08DA203F}
        {91839A15-D08F-4848-A301-F793412BC688} = {D9C3EF66-2757-473D-A26B-54FD08DA203F}
        {1E62C322-EE42-4699-A6F1-791C53EFA62D} = {D9C3EF66-2757-473D-A26B-54FD08DA203F}
        {E38B2EB4-D7A5-4777-9236-3B348919DF23} = {12AE5B4B-CB1A-498E-83B8-04E201E31D86}
        {7CB632D3-3635-4F8D-AFE7-F496D37D422B} = {12AE5B4B-CB1A-498E-83B8-04E201E31D86}
        {CE895E44-EEC3-4ECE-A56A-8A82E7D863E3} = {12AE5B4B-CB1A-498E-83B8-04E201E31D86}
        {89260294-80FC-49F1-8D73-AECD39AFF2B7} = {4DAF9366-855F-46BB-AE4C-660C92FA0697}
        {C7F27698-DA05-4ACD-B0D7-4791B3972002} = {89260294-80FC-49F1-8D73-AECD39AFF2B7}
        {00604162-C444-478B-B773-3AB23C856CA7} = {D9C3EF66-2757-473D-A26B-54FD08DA203F}
        {34650E82-D257-46DA-BD6B-DE307113347B} = {3F23258D-8299-4992-9F51-2EE9B52CF9D2}
        {19872A4C-3C9A-4C62-A33B-74F5B8D6F77C} = {3F23258D-8299-4992-9F51-2EE9B52CF9D2}
        {C2CC1596-3BEE-43EA-A9BE-4EDE5716296C} = {3F23258D-8299-4992-9F51-2EE9B52CF9D2}
        {79409163-5006-405D-AC96-406FA0AD77B7} = {4DAF9366-855F-46BB-AE4C-660C92FA0697}
        {932520DF-D312-415A-A128-1117F8221D68} = {12AE5B4B-CB1A-498E-83B8-04E201E31D86}
        {C3DE6F6A-D1FC-4B8E-9033-980FBEBBD2BA} = {12AE5B4B-CB1A-498E-83B8-04E201E31D86}
        {3C6F049E-3EE8-4D66-9AFF-E8A369032487} = {1129FE25-466B-4F4F-85FC-3752664245E1}
        {BB5BB244-E7D2-4368-8C18-C1C0ED1E12D1} = {3E408077-E73E-45CE-A53A-EF5F9DAE4B46}
    EndGlobalSection
EndGlobal